{
  "name": "stopwatch",
  "version": "1.0.0",
  "lockfileVersion": 3,
  "requires": true,
  "packages": {
    "": {
      "name": "stopwatch",
      "version": "1.0.0",
      "license": "ISC",
      "dependencies": {
        "@fontsource/jetbrains-mono": "^5.1.1"
      }
    },
    "node_modules/@fontsource/jetbrains-mono": {
      "version": "5.1.1",
      "resolved": "https://registry.npmjs.org/@fontsource/jetbrains-mono/-/jetbrains-mono-5.1.1.tgz",
      "integrity": "sha512-5rwvmdQQpXev4LlBX1P+7h2dguu6iwW/9Npjde4+DEq+HgpVJI/7QY8DI1NVVFdvLtXZNP+vO2L/5BQED6FUhA==",
      "license": "OFL-1.1"
    }
  }
}
